version = 1
revision = 3
requires-python = ">=3.12"

[[package]]
name = "ast-grep-py"
version = "0.39.9"
source = { registry = "https://pypi.org/simple" }
sdist = { url = "https://files.pythonhosted.org/packages/d6/b2/dbd082539aaf58a95ff3f97783dc3df51bc1ac54ed4ae195b00054ee23c3/ast_grep_py-0.39.9.tar.gz", hash = "sha256:1260d16e5bb25e486b9e9263d1c9d8ed819fa2940527169718e35e91d9c7c717", size = 135854, upload-time = "2025-11-07T02:22:23.416Z" }
wheels = [
    { url = "https://files.pythonhosted.org/packages/2d/ae/3ecf8cb071e56f22ed750d86431f992eca37f3948dee71a4660d3584c673/ast_grep_py-0.39.9-cp312-cp312-macosx_10_12_x86_64.whl", hash = "sha256:b0993314fcadf0114fe635921edcc25754572cf889bf5c80ccaac7c2603b6ade", size = 4836643, upload-time = "2025-11-07T02:21:56.343Z" },
    { url = "https://files.pythonhosted.org/packages/ee/e2/1f1491e21f8d1248ff970ff43e0221e3ac37acd8dbdb629b34829611edf6/ast_grep_py-0.39.9-cp312-cp312-macosx_11_0_arm64.whl", hash = "sha256:9633229808150ab34dea25203f209d3cfe317e8da06d897bac087587169ef2b8", size = 4985618, upload-time = "2025-11-07T02:21:57.819Z" },
    { url = "https://files.pythonhosted.org/packages/f9/90/4c469d34d274c1e97a7870f92b2288fccaa14fa88d5edab760e5acbdfb50/ast_grep_py-0.39.9-cp312-cp312-manylinux_2_28_aarch64.whl", hash = "sha256:d485f1bbe5db8f800d8a3c60c85e24839f52cac33bc72874a060d17831774b97", size = 4809030, upload-time = "2025-11-07T02:21:59.898Z" },
    { url = "https://files.pythonhosted.org/packages/76/ce/74fb305ba75b1750e79c20e58f81403264da9dc86034240ee3943b4c4a18/ast_grep_py-0.39.9-cp312-cp312-manylinux_2_28_x86_64.whl", hash = "sha256:4b2a214ba114ea39325752f83e43968f8177538c91cebe37b7a5a399fda29acb", size = 4914929, upload-time = "2025-11-07T02:22:01.46Z" },
    { url = "https://files.pythonhosted.org/packages/5e/e8/07b1f56e0de405f8869976a46d0c6918d3d69fc252ef3146eee1c97920af/ast_grep_py-0.39.9-cp312-cp312-win32.whl", hash = "sha256:43e87cc3315c77571c0fc6c02b5e2fab0554fc4492a35e69240183879e246538", size = 4532460, upload-time = "2025-11-07T02:22:02.689Z" },
    { url = "https://files.pythonhosted.org/packages/a6/bf/88e7dafb65d0f8a613d6558751ea072aa306c30f67224318be68bc0e47cf/ast_grep_py-0.39.9-cp312-cp312-win_amd64.whl", hash = "sha256:20cff26eee0e79b6679a5a7d5a875753b604eabadb85d5ed0e6f48fbc8d870e5", size = 4659784, upload-time = "2025-11-07T02:22:03.964Z" },
    { url = "https://files.pythonhosted.org/packages/d7/3f/1f325a0b3870888e09304baff29496d26347aaccdc2cfc7bd9942e6607d0/ast_grep_py-0.39.9-cp313-cp313-macosx_10_12_x86_64.whl", hash = "sha256:27f7d040e0f2520be0d3a840b9d7b2bb213eb2fdbff57538774504ac9ed2bda7", size = 4838805, upload-time = "2025-11-07T02:22:05.924Z" },
    { url = "https://files.pythonhosted.org/packages/09/eb/7f26dde476dca33d19897ad2c2627a568ae0b47ac005c126b25fb658f41a/ast_grep_py-0.39.9-cp313-cp313-macosx_11_0_arm64.whl", hash = "sha256:10fde4d654be5f5d9e91220877d4af4d801a17a37bc812d442e0af04cc5d69a1", size = 4989079, upload-time = "2025-11-07T02:22:07.482Z" },
    { url = "https://files.pythonhosted.org/packages/6e/12/4830e54fbd6f9ffe8943de96a64f39a58539b43314a0a46ce3f76cd52577/ast_grep_py-0.39.9-cp313-cp313-manylinux_2_28_aarch64.whl", hash = "sha256:fee0b8480f02658903d7c42ff57c9ee9e09946a027e0b165324f3cb0ee4814e0", size = 4808951, upload-time = "2025-11-07T02:22:08.85Z" },
    { url = "https://files.pythonhosted.org/packages/5f/e6/c17bcfd8e99c08ab55c9f723b7668d2939269d4515d77fec88dae4547ac1/ast_grep_py-0.39.9-cp313-cp313-manylinux_2_28_x86_64.whl", hash = "sha256:4fed1f6b5242525151babd1e982bb21306500834eb48f32d104905c3980ae20b", size = 4914653, upload-time = "2025-11-07T02:22:10.738Z" },
    { url = "https://files.pythonhosted.org/packages/59/2b/987e3e85368ad1381fedeef0664814ab909564c2ef5c713c24f245290f9f/ast_grep_py-0.39.9-cp313-cp313-win32.whl", hash = "sha256:f582a896f1e23051a91e64e17de6d90c7252b25070bdb47a397e30679ba25b63", size = 4535662, upload-time = "2025-11-07T02:22:12.119Z" },
    { url = "https://files.pythonhosted.org/packages/a3/ae/3277b26a4b718b52bf29b85aaee3da92b7fc14fdd8e278cd9f71a5c67e24/ast_grep_py-0.39.9-cp313-cp313-win_amd64.whl", hash = "sha256:940040754520112d52d9051c4c3be7c47a56d693ae19d0bda3f267bcdff38561", size = 4659232, upload-time = "2025-11-07T02:22:13.346Z" },
    { url = "https://files.pythonhosted.org/packages/e3/7b/7aac11346a663cccc625afde110d0489dc260b79167523276ad571562a94/ast_grep_py-0.39.9-cp314-cp314-macosx_10_12_x86_64.whl", hash = "sha256:3dcca009886492009dad65e5de5a67627bc288ae7ac6ee74648fc29faac4cd18", size = 4838784, upload-time = "2025-11-07T02:22:14.707Z" },
    { url = "https://files.pythonhosted.org/packages/4f/50/9cf49354cd41f458a629744b0ed34f244b05306dbbd847b5b6731fada61d/ast_grep_py-0.39.9-cp314-cp314-macosx_11_0_arm64.whl", hash = "sha256:77f5f9c9d91969e2eb0d164135006639f07ad956cf334e20aa3b7c2c6b44d0f2", size = 4989891, upload-time = "2025-11-07T02:22:16.251Z" },
    { url = "https://files.pythonhosted.org/packages/8e/27/22bb880a59c9908489bd3edfe6b169b3db202209cb3b167404f38d27a02b/ast_grep_py-0.39.9-cp314-cp314-manylinux_2_28_aarch64.whl", hash = "sha256:0aece3d37fab65ff76ce86f1e8c43d5481ab02faa10d5dc8248c5723f68fa211", size = 4808826, upload-time = "2025-11-07T02:22:17.602Z" },
    { url = "https://files.pythonhosted.org/packages/3b/b5/1e13e149ee3ed2d20e597c3389b4fa489f7e79cb507ee8e089479a250f51/ast_grep_py-0.39.9-cp314-cp314-manylinux_2_28_x86_64.whl", hash = "sha256:633b1aef5cadf7cfd5a521297264de1977832a4ba0350c3d7383e851a514f171", size = 4913960, upload-time = "2025-11-07T02:22:18.945Z" },
    { url = "https://files.pythonhosted.org/packages/a0/49/bf120661c474967f4cdb4934da19793d12ee179d3549a34364567caf409f/ast_grep_py-0.39.9-cp314-cp314-win32.whl", hash = "sha256:0d0b80fba4531d025effe5a60c64525b797c4a3f76c5661cfe814576e8d96c99", size = 4536334, upload-time = "2025-11-07T02:22:20.794Z" },
    { url = "https://files.pythonhosted.org/packages/90/b4/833fbc038eddad03ca0ff5de1c4a959da2390c94258f6dae541c38007370/ast_grep_py-0.39.9-cp314-cp314-win_amd64.whl", hash = "sha256:248c1825b211dce645a36f3f0c8d33bddc3ed3703f21c003cb2c12baf1955540", size = 4660331, upload-time = "2025-11-07T02:22:22.105Z" },
]

[[package]]
name = "awsclilinter"
version = "1.0.0"
source = { editable = "." }
dependencies = [
    { name = "ast-grep-py" },
]

[package.optional-dependencies]
dev = [
    { name = "pytest" },
    { name = "ruff" },
]

[package.metadata]
requires-dist = [
    { name = "ast-grep-py", specifier = ">=0.39.6" },
    { name = "pytest", marker = "extra == 'dev'", specifier = ">=8.0.0" },
    { name = "ruff", marker = "extra == 'dev'", specifier = ">=0.8.0" },
]
provides-extras = ["dev"]

[[package]]
name = "colorama"
version = "0.4.6"
source = { registry = "https://pypi.org/simple" }
sdist = { url = "https://files.pythonhosted.org/packages/d8/53/6f443c9a4a8358a93a6792e2acffb9d9d5cb0a5cfd8802644b7b1c9a02e4/colorama-0.4.6.tar.gz", hash = "sha256:08695f5cb7ed6e0531a20572697297273c47b8cae5a63ffc6d6ed5c201be6e44", size = 27697, upload-time = "2022-10-25T02:36:22.414Z" }
wheels = [
    { url = "https://files.pythonhosted.org/packages/d1/d6/3965ed04c63042e047cb6a3e6ed1a63a35087b6a609aa3a15ed8ac56c221/colorama-0.4.6-py2.py3-none-any.whl", hash = "sha256:4f1d9991f5acc0ca119f9d443620b77f9d6b33703e51011c16baf57afb285fc6", size = 25335, upload-time = "2022-10-25T02:36:20.889Z" },
]

[[package]]
name = "iniconfig"
version = "2.3.0"
source = { registry = "https://pypi.org/simple" }
sdist = { url = "https://files.pythonhosted.org/packages/72/34/14ca021ce8e5dfedc35312d08ba8bf51fdd999c576889fc2c24cb97f4f10/iniconfig-2.3.0.tar.gz", hash = "sha256:c76315c77db068650d49c5b56314774a7804df16fee4402c1f19d6d15d8c4730", size = 20503, upload-time = "2025-10-18T21:55:43.219Z" }
wheels = [
    { url = "https://files.pythonhosted.org/packages/cb/b1/3846dd7f199d53cb17f49cba7e651e9ce294d8497c8c150530ed11865bb8/iniconfig-2.3.0-py3-none-any.whl", hash = "sha256:f631c04d2c48c52b84d0d0549c99ff3859c98df65b3101406327ecc7d53fbf12", size = 7484, upload-time = "2025-10-18T21:55:41.639Z" },
]

[[package]]
name = "packaging"
version = "25.0"
source = { registry = "https://pypi.org/simple" }
sdist = { url = "https://files.pythonhosted.org/packages/a1/d4/1fc4078c65507b51b96ca8f8c3ba19e6a61c8253c72794544580a7b6c24d/packaging-25.0.tar.gz", hash = "sha256:d443872c98d677bf60f6a1f2f8c1cb748e8fe762d2bf9d3148b5599295b0fc4f", size = 165727, upload-time = "2025-04-19T11:48:59.673Z" }
wheels = [
    { url = "https://files.pythonhosted.org/packages/20/12/38679034af332785aac8774540895e234f4d07f7545804097de4b666afd8/packaging-25.0-py3-none-any.whl", hash = "sha256:29572ef2b1f17581046b3a2227d5c611fb25ec70ca1ba8554b24b0e69331a484", size = 66469, upload-time = "2025-04-19T11:48:57.875Z" },
]

[[package]]
name = "pluggy"
version = "1.6.0"
source = { registry = "https://pypi.org/simple" }
sdist = { url = "https://files.pythonhosted.org/packages/f9/e2/3e91f31a7d2b083fe6ef3fa267035b518369d9511ffab804f839851d2779/pluggy-1.6.0.tar.gz", hash = "sha256:7dcc130b76258d33b90f61b658791dede3486c3e6bfb003ee5c9bfb396dd22f3", size = 69412, upload-time = "2025-05-15T12:30:07.975Z" }
wheels = [
    { url = "https://files.pythonhosted.org/packages/54/20/4d324d65cc6d9205fabedc306948156824eb9f0ee1633355a8f7ec5c66bf/pluggy-1.6.0-py3-none-any.whl", hash = "sha256:e920276dd6813095e9377c0bc5566d94c932c33b27a3e3945d8389c374dd4746", size = 20538, upload-time = "2025-05-15T12:30:06.134Z" },
]

[[package]]
name = "pygments"
version = "2.19.2"
source = { registry = "https://pypi.org/simple" }
sdist = { url = "https://files.pythonhosted.org/packages/b0/77/a5b8c569bf593b0140bde72ea885a803b82086995367bf2037de0159d924/pygments-2.19.2.tar.gz", hash = "sha256:636cb2477cec7f8952536970bc533bc43743542f70392ae026374600add5b887", size = 4968631, upload-time = "2025-06-21T13:39:12.283Z" }
wheels = [
    { url = "https://files.pythonhosted.org/packages/c7/21/705964c7812476f378728bdf590ca4b771ec72385c533964653c68e86bdc/pygments-2.19.2-py3-none-any.whl", hash = "sha256:86540386c03d588bb81d44bc3928634ff26449851e99741617ecb9037ee5ec0b", size = 1225217, upload-time = "2025-06-21T13:39:07.939Z" },
]

[[package]]
name = "pytest"
version = "9.0.0"
source = { registry = "https://pypi.org/simple" }
dependencies = [
    { name = "colorama", marker = "sys_platform == 'win32'" },
    { name = "iniconfig" },
    { name = "packaging" },
    { name = "pluggy" },
    { name = "pygments" },
]
sdist = { url = "https://files.pythonhosted.org/packages/da/1d/eb34f286b164c5e431a810a38697409cca1112cee04b287bb56ac486730b/pytest-9.0.0.tar.gz", hash = "sha256:8f44522eafe4137b0f35c9ce3072931a788a21ee40a2ed279e817d3cc16ed21e", size = 1562764, upload-time = "2025-11-08T17:25:33.34Z" }
wheels = [
    { url = "https://files.pythonhosted.org/packages/72/99/cafef234114a3b6d9f3aaed0723b437c40c57bdb7b3e4c3a575bc4890052/pytest-9.0.0-py3-none-any.whl", hash = "sha256:e5ccdf10b0bac554970ee88fc1a4ad0ee5d221f8ef22321f9b7e4584e19d7f96", size = 373364, upload-time = "2025-11-08T17:25:31.811Z" },
]

[[package]]
name = "ruff"
version = "0.14.4"
source = { registry = "https://pypi.org/simple" }
sdist = { url = "https://files.pythonhosted.org/packages/df/55/cccfca45157a2031dcbb5a462a67f7cf27f8b37d4b3b1cd7438f0f5c1df6/ruff-0.14.4.tar.gz", hash = "sha256:f459a49fe1085a749f15414ca76f61595f1a2cc8778ed7c279b6ca2e1fd19df3", size = 5587844, upload-time = "2025-11-06T22:07:45.033Z" }
wheels = [
    { url = "https://files.pythonhosted.org/packages/17/b9/67240254166ae1eaa38dec32265e9153ac53645a6c6670ed36ad00722af8/ruff-0.14.4-py3-none-linux_armv6l.whl", hash = "sha256:e6604613ffbcf2297cd5dcba0e0ac9bd0c11dc026442dfbb614504e87c349518", size = 12606781, upload-time = "2025-11-06T22:07:01.841Z" },
    { url = "https://files.pythonhosted.org/packages/46/c8/09b3ab245d8652eafe5256ab59718641429f68681ee713ff06c5c549f156/ruff-0.14.4-py3-none-macosx_10_12_x86_64.whl", hash = "sha256:d99c0b52b6f0598acede45ee78288e5e9b4409d1ce7f661f0fa36d4cbeadf9a4", size = 12946765, upload-time = "2025-11-06T22:07:05.858Z" },
    { url = "https://files.pythonhosted.org/packages/14/bb/1564b000219144bf5eed2359edc94c3590dd49d510751dad26202c18a17d/ruff-0.14.4-py3-none-macosx_11_0_arm64.whl", hash = "sha256:9358d490ec030f1b51d048a7fd6ead418ed0826daf6149e95e30aa67c168af33", size = 11928120, upload-time = "2025-11-06T22:07:08.023Z" },
    { url = "https://files.pythonhosted.org/packages/a3/92/d5f1770e9988cc0742fefaa351e840d9aef04ec24ae1be36f333f96d5704/ruff-0.14.4-py3-none-manylinux_2_17_aarch64.manylinux2014_aarch64.whl", hash = "sha256:81b40d27924f1f02dfa827b9c0712a13c0e4b108421665322218fc38caf615c2", size = 12370877, upload-time = "2025-11-06T22:07:10.015Z" },
    { url = "https://files.pythonhosted.org/packages/e2/29/e9282efa55f1973d109faf839a63235575519c8ad278cc87a182a366810e/ruff-0.14.4-py3-none-manylinux_2_17_armv7l.manylinux2014_armv7l.whl", hash = "sha256:f5e649052a294fe00818650712083cddc6cc02744afaf37202c65df9ea52efa5", size = 12408538, upload-time = "2025-11-06T22:07:13.085Z" },
    { url = "https://files.pythonhosted.org/packages/8e/01/930ed6ecfce130144b32d77d8d69f5c610e6d23e6857927150adf5d7379a/ruff-0.14.4-py3-none-manylinux_2_17_i686.manylinux2014_i686.whl", hash = "sha256:aa082a8f878deeba955531f975881828fd6afd90dfa757c2b0808aadb437136e", size = 13141942, upload-time = "2025-11-06T22:07:15.386Z" },
    { url = "https://files.pythonhosted.org/packages/6a/46/a9c89b42b231a9f487233f17a89cbef9d5acd538d9488687a02ad288fa6b/ruff-0.14.4-py3-none-manylinux_2_17_ppc64.manylinux2014_ppc64.whl", hash = "sha256:1043c6811c2419e39011890f14d0a30470f19d47d197c4858b2787dfa698f6c8", size = 14544306, upload-time = "2025-11-06T22:07:17.631Z" },
    { url = "https://files.pythonhosted.org/packages/78/96/9c6cf86491f2a6d52758b830b89b78c2ae61e8ca66b86bf5a20af73d20e6/ruff-0.14.4-py3-none-manylinux_2_17_ppc64le.manylinux2014_ppc64le.whl", hash = "sha256:a9f3a936ac27fb7c2a93e4f4b943a662775879ac579a433291a6f69428722649", size = 14210427, upload-time = "2025-11-06T22:07:19.832Z" },
    { url = "https://files.pythonhosted.org/packages/71/f4/0666fe7769a54f63e66404e8ff698de1dcde733e12e2fd1c9c6efb689cb5/ruff-0.14.4-py3-none-manylinux_2_17_s390x.manylinux2014_s390x.whl", hash = "sha256:95643ffd209ce78bc113266b88fba3d39e0461f0cbc8b55fb92505030fb4a850", size = 13658488, upload-time = "2025-11-06T22:07:22.32Z" },
    { url = "https://files.pythonhosted.org/packages/ee/79/6ad4dda2cfd55e41ac9ed6d73ef9ab9475b1eef69f3a85957210c74ba12c/ruff-0.14.4-py3-none-manylinux_2_17_x86_64.manylinux2014_x86_64.whl", hash = "sha256:456daa2fa1021bc86ca857f43fe29d5d8b3f0e55e9f90c58c317c1dcc2afc7b5", size = 13354908, upload-time = "2025-11-06T22:07:24.347Z" },
    { url = "https://files.pythonhosted.org/packages/b5/60/f0b6990f740bb15c1588601d19d21bcc1bd5de4330a07222041678a8e04f/ruff-0.14.4-py3-none-manylinux_2_31_riscv64.whl", hash = "sha256:f911bba769e4a9f51af6e70037bb72b70b45a16db5ce73e1f72aefe6f6d62132", size = 13587803, upload-time = "2025-11-06T22:07:26.327Z" },
    { url = "https://files.pythonhosted.org/packages/c9/da/eaaada586f80068728338e0ef7f29ab3e4a08a692f92eb901a4f06bbff24/ruff-0.14.4-py3-none-musllinux_1_2_aarch64.whl", hash = "sha256:76158a7369b3979fa878612c623a7e5430c18b2fd1c73b214945c2d06337db67", size = 12279654, upload-time = "2025-11-06T22:07:28.46Z" },
    { url = "https://files.pythonhosted.org/packages/66/d4/b1d0e82cf9bf8aed10a6d45be47b3f402730aa2c438164424783ac88c0ed/ruff-0.14.4-py3-none-musllinux_1_2_armv7l.whl", hash = "sha256:f3b8f3b442d2b14c246e7aeca2e75915159e06a3540e2f4bed9f50d062d24469", size = 12357520, upload-time = "2025-11-06T22:07:31.468Z" },
    { url = "https://files.pythonhosted.org/packages/04/f4/53e2b42cc82804617e5c7950b7079d79996c27e99c4652131c6a1100657f/ruff-0.14.4-py3-none-musllinux_1_2_i686.whl", hash = "sha256:c62da9a06779deecf4d17ed04939ae8b31b517643b26370c3be1d26f3ef7dbde", size = 12719431, upload-time = "2025-11-06T22:07:33.831Z" },
    { url = "https://files.pythonhosted.org/packages/a2/94/80e3d74ed9a72d64e94a7b7706b1c1ebaa315ef2076fd33581f6a1cd2f95/ruff-0.14.4-py3-none-musllinux_1_2_x86_64.whl", hash = "sha256:5a443a83a1506c684e98acb8cb55abaf3ef725078be40237463dae4463366349", size = 13464394, upload-time = "2025-11-06T22:07:35.905Z" },
    { url = "https://files.pythonhosted.org/packages/54/1a/a49f071f04c42345c793d22f6cf5e0920095e286119ee53a64a3a3004825/ruff-0.14.4-py3-none-win32.whl", hash = "sha256:643b69cb63cd996f1fc7229da726d07ac307eae442dd8974dbc7cf22c1e18fff", size = 12493429, upload-time = "2025-11-06T22:07:38.43Z" },
    { url = "https://files.pythonhosted.org/packages/bc/22/e58c43e641145a2b670328fb98bc384e20679b5774258b1e540207580266/ruff-0.14.4-py3-none-win_amd64.whl", hash = "sha256:26673da283b96fe35fa0c939bf8411abec47111644aa9f7cfbd3c573fb125d2c", size = 13635380, upload-time = "2025-11-06T22:07:40.496Z" },
    { url = "https://files.pythonhosted.org/packages/30/bd/4168a751ddbbf43e86544b4de8b5c3b7be8d7167a2a5cb977d274e04f0a1/ruff-0.14.4-py3-none-win_arm64.whl", hash = "sha256:dd09c292479596b0e6fec8cd95c65c3a6dc68e9ad17b8f2382130f87ff6a75bb", size = 12663065, upload-time = "2025-11-06T22:07:42.603Z" },
]
